// !$*UTF8*$!
{
	archiveVersion = 1;
	classes = {
	};
	objectVersion = 46;
	objects = {

/* Begin PBXBuildFile section */
		BC812EA51973AE82005AAE46 /* Foundation.framework in Frameworks */ = {isa = PBXBuildFile; fileRef = BC812EA41973AE82005AAE46 /* Foundation.framework */; };
		BC812EAA1973AE82005AAE46 /* Gimmie_Objective_C_API.h in CopyFiles */ = {isa = PBXBuildFile; fileRef = BC812EA91973AE82005AAE46 /* Gimmie_Objective_C_API.h */; };
		BC812EAC1973AE82005AAE46 /* Gimmie_Objective_C_API.m in Sources */ = {isa = PBXBuildFile; fileRef = BC812EAB1973AE82005AAE46 /* Gimmie_Objective_C_API.m */; };
		BC812EB31973AE82005AAE46 /* XCTest.framework in Frameworks */ = {isa = PBXBuildFile; fileRef = BC812EB21973AE82005AAE46 /* XCTest.framework */; };
		BC812EB41973AE82005AAE46 /* Foundation.framework in Frameworks */ = {isa = PBXBuildFile; fileRef = BC812EA41973AE82005AAE46 /* Foundation.framework */; };
		BC812EB61973AE82005AAE46 /* UIKit.framework in Frameworks */ = {isa = PBXBuildFile; fileRef = BC812EB51973AE82005AAE46 /* UIKit.framework */; };
		BC812EB91973AE82005AAE46 /* libGimmie Objective-C API.a in Frameworks */ = {isa = PBXBuildFile; fileRef = BC812EA11973AE81005AAE46 /* libGimmie Objective-C API.a */; };
		BC812EBF1973AE82005AAE46 /* InfoPlist.strings in Resources */ = {isa = PBXBuildFile; fileRef = BC812EBD1973AE82005AAE46 /* InfoPlist.strings */; };
		BC812EC11973AE82005AAE46 /* Gimmie_Objective_C_APITests.m in Sources */ = {isa = PBXBuildFile; fileRef = BC812EC01973AE82005AAE46 /* Gimmie_Objective_C_APITests.m */; };
/* End PBXBuildFile section */

/* Begin PBXContainerItemProxy section */
		BC812EB71973AE82005AAE46 /* PBXContainerItemProxy */ = {
			isa = PBXContainerItemProxy;
			containerPortal = BC812E991973AE81005AAE46 /* Project object */;
			proxyType = 1;
			remoteGlobalIDString = BC812EA01973AE81005AAE46;
			remoteInfo = "Gimmie Objective-C API";
		};
/* End PBXContainerItemProxy section */

/* Begin PBXCopyFilesBuildPhase section */
		BC812E9F1973AE81005AAE46 /* CopyFiles */ = {
			isa = PBXCopyFilesBuildPhase;
			buildActionMask = 2147483647;
			dstPath = "include/$(PRODUCT_NAME)";
			dstSubfolderSpec = 16;
			files = (
				BC812EAA1973AE82005AAE46 /* Gimmie_Objective_C_API.h in CopyFiles */,
			);
			runOnlyForDeploymentPostprocessing = 0;
		};
/* End PBXCopyFilesBuildPhase section */

/* Begin PBXFileReference section */
		BC812EA11973AE81005AAE46 /* libGimmie Objective-C API.a */ = {isa = PBXFileReference; explicitFileType = archive.ar; includeInIndex = 0; path = "libGimmie Objective-C API.a"; sourceTree = BUILT_PRODUCTS_DIR; };
		BC812EA41973AE82005AAE46 /* Foundation.framework */ = {isa = PBXFileReference; lastKnownFileType = wrapper.framework; name = Foundation.framework; path = System/Library/Frameworks/Foundation.framework; sourceTree = SDKROOT; };
		BC812EA81973AE82005AAE46 /* Gimmie Objective-C API-Prefix.pch */ = {isa = PBXFileReference; lastKnownFileType = sourcecode.c.h; path = "Gimmie Objective-C API-Prefix.pch"; sourceTree = "<group>"; };
		BC812EA91973AE82005AAE46 /* Gimmie_Objective_C_API.h */ = {isa = PBXFileReference; lastKnownFileType = sourcecode.c.h; path = Gimmie_Objective_C_API.h; sourceTree = "<group>"; };
		BC812EAB1973AE82005AAE46 /* Gimmie_Objective_C_API.m */ = {isa = PBXFileReference; lastKnownFileType = sourcecode.c.objc; path = Gimmie_Objective_C_API.m; sourceTree = "<group>"; };
		BC812EB11973AE82005AAE46 /* Gimmie Objective-C APITests.xctest */ = {isa = PBXFileReference; explicitFileType = wrapper.cfbundle; includeInIndex = 0; path = "Gimmie Objective-C APITests.xctest"; sourceTree = BUILT_PRODUCTS_DIR; };
		BC812EB21973AE82005AAE46 /* XCTest.framework */ = {isa = PBXFileReference; lastKnownFileType = wrapper.framework; name = XCTest.framework; path = Library/Frameworks/XCTest.framework; sourceTree = DEVELOPER_DIR; };
		BC812EB51973AE82005AAE46 /* UIKit.framework */ = {isa = PBXFileReference; lastKnownFileType = wrapper.framework; name = UIKit.framework; path = Library/Frameworks/UIKit.framework; sourceTree = DEVELOPER_DIR; };
		BC812EBC1973AE82005AAE46 /* Gimmie Objective-C APITests-Info.plist */ = {isa = PBXFileReference; lastKnownFileType = text.plist.xml; path = "Gimmie Objective-C APITests-Info.plist"; sourceTree = "<group>"; };
		BC812EBE1973AE82005AAE46 /* en */ = {isa = PBXFileReference; lastKnownFileType = text.plist.strings; name = en; path = en.lproj/InfoPlist.strings; sourceTree = "<group>"; };
		BC812EC01973AE82005AAE46 /* Gimmie_Objective_C_APITests.m */ = {isa = PBXFileReference; lastKnownFileType = sourcecode.c.objc; path = Gimmie_Objective_C_APITests.m; sourceTree = "<group>"; };
/* End PBXFileReference section */

/* Begin PBXFrameworksBuildPhase section */
		BC812E9E1973AE81005AAE46 /* Frameworks */ = {
			isa = PBXFrameworksBuildPhase;
			buildActionMask = 2147483647;
			files = (
				BC812EA51973AE82005AAE46 /* Foundation.framework in Frameworks */,
			);
			runOnlyForDeploymentPostprocessing = 0;
		};
		BC812EAE1973AE82005AAE46 /* Frameworks */ = {
			isa = PBXFrameworksBuildPhase;
			buildActionMask = 2147483647;
			files = (
				BC812EB31973AE82005AAE46 /* XCTest.framework in Frameworks */,
				BC812EB61973AE82005AAE46 /* UIKit.framework in Frameworks */,
				BC812EB91973AE82005AAE46 /* libGimmie Objective-C API.a in Frameworks */,
				BC812EB41973AE82005AAE46 /* Foundation.framework in Frameworks */,
			);
			runOnlyForDeploymentPostprocessing = 0;
		};
/* End PBXFrameworksBuildPhase section */

/* Begin PBXGroup section */
		BC812E981973AE81005AAE46 = {
			isa = PBXGroup;
			children = (
				BC812EA61973AE82005AAE46 /* Gimmie Objective-C API */,
				BC812EBA1973AE82005AAE46 /* Gimmie Objective-C APITests */,
				BC812EA31973AE81005AAE46 /* Frameworks */,
				BC812EA21973AE81005AAE46 /* Products */,
			);
			sourceTree = "<group>";
		};
		BC812EA21973AE81005AAE46 /* Products */ = {
			isa = PBXGroup;
			children = (
				BC812EA11973AE81005AAE46 /* libGimmie Objective-C API.a */,
				BC812EB11973AE82005AAE46 /* Gimmie Objective-C APITests.xctest */,
			);
			name = Products;
			sourceTree = "<group>";
		};
		BC812EA31973AE81005AAE46 /* Frameworks */ = {
			isa = PBXGroup;
			children = (
				BC812EA41973AE82005AAE46 /* Foundation.framework */,
				BC812EB21973AE82005AAE46 /* XCTest.framework */,
				BC812EB51973AE82005AAE46 /* UIKit.framework */,
			);
			name = Frameworks;
			sourceTree = "<group>";
		};
		BC812EA61973AE82005AAE46 /* Gimmie Objective-C API */ = {
			isa = PBXGroup;
			children = (
				BC812EA91973AE82005AAE46 /* Gimmie_Objective_C_API.h */,
				BC812EAB1973AE82005AAE46 /* Gimmie_Objective_C_API.m */,
				BC812EA71973AE82005AAE46 /* Supporting Files */,
			);
			path = "Gimmie Objective-C API";
			sourceTree = "<group>";
		};
		BC812EA71973AE82005AAE46 /* Supporting Files */ = {
			isa = PBXGroup;
			children = (
				BC812EA81973AE82005AAE46 /* Gimmie Objective-C API-Prefix.pch */,
			);
			name = "Supporting Files";
			sourceTree = "<group>";
		};
		BC812EBA1973AE82005AAE46 /* Gimmie Objective-C APITests */ = {
			isa = PBXGroup;
			children = (
				BC812EC01973AE82005AAE46 /* Gimmie_Objective_C_APITests.m */,
				BC812EBB1973AE82005AAE46 /* Supporting Files */,
			);
			path = "Gimmie Objective-C APITests";
			sourceTree = "<group>";
		};
		BC812EBB1973AE82005AAE46 /* Supporting Files */ = {
			isa = PBXGroup;
			children = (
				BC812EBC1973AE82005AAE46 /* Gimmie Objective-C APITests-Info.plist */,
				BC812EBD1973AE82005AAE46 /* InfoPlist.strings */,
			);
			name = "Supporting Files";
			sourceTree = "<group>";
		};
/* End PBXGroup section */

/* Begin PBXNativeTarget section */
		BC812EA01973AE81005AAE46 /* Gimmie Objective-C API */ = {
			isa = PBXNativeTarget;
			buildConfigurationList = BC812EC41973AE82005AAE46 /* Build configuration list for PBXNativeTarget "Gimmie Objective-C API" */;
			buildPhases = (
				BC812E9D1973AE81005AAE46 /* Sources */,
				BC812E9E1973AE81005AAE46 /* Frameworks */,
				BC812E9F1973AE81005AAE46 /* CopyFiles */,
			);
			buildRules = (
			);
			dependencies = (
			);
			name = "Gimmie Objective-C API";
			productName = "Gimmie Objective-C API";
			productReference = BC812EA11973AE81005AAE46 /* libGimmie Objective-C API.a */;
			productType = "com.apple.product-type.library.static";
		};
		BC812EB01973AE82005AAE46 /* Gimmie Objective-C APITests */ = {
			isa = PBXNativeTarget;
			buildConfigurationList = BC812EC71973AE82005AAE46 /* Build configuration list for PBXNativeTarget "Gimmie Objective-C APITests" */;
			buildPhases = (
				BC812EAD1973AE82005AAE46 /* Sources */,
				BC812EAE1973AE82005AAE46 /* Frameworks */,
				BC812EAF1973AE82005AAE46 /* Resources */,
			);
			buildRules = (
			);
			dependencies = (
				BC812EB81973AE82005AAE46 /* PBXTargetDependency */,
			);
			name = "Gimmie Objective-C APITests";
			productName = "Gimmie Objective-C APITests";
			productReference = BC812EB11973AE82005AAE46 /* Gimmie Objective-C APITests.xctest */;
			productType = "com.apple.product-type.bundle.unit-test";
		};
/* End PBXNativeTarget section */

/* Begin PBXProject section */
		BC812E991973AE81005AAE46 /* Project object */ = {
			isa = PBXProject;
			attributes = {
				LastUpgradeCheck = 0510;
				ORGANIZATIONNAME = "Gimmieworld pte ltd.";
			};
			buildConfigurationList = BC812E9C1973AE81005AAE46 /* Build configuration list for PBXProject "Gimmie Objective-C API" */;
			compatibilityVersion = "Xcode 3.2";
			developmentRegion = English;
			hasScannedForEncodings = 0;
			knownRegions = (
				en,
			);
			mainGroup = BC812E981973AE81005AAE46;
			productRefGroup = BC812EA21973AE81005AAE46 /* Products */;
			projectDirPath = "";
			projectRoot = "";
			targets = (
				BC812EA01973AE81005AAE46 /* Gimmie Objective-C API */,
				BC812EB01973AE82005AAE46 /* Gimmie Objective-C APITests */,
			);
		};
/* End PBXProject section */

/* Begin PBXResourcesBuildPhase section */
		BC812EAF1973AE82005AAE46 /* Resources */ = {
			isa = PBXResourcesBuildPhase;
			buildActionMask = 2147483647;
			files = (
				BC812EBF1973AE82005AAE46 /* InfoPlist.strings in Resources */,
			);
			runOnlyForDeploymentPostprocessing = 0;
		};
/* End PBXResourcesBuildPhase section */

/* Begin PBXSourcesBuildPhase section */
		BC812E9D1973AE81005AAE46 /* Sources */ = {
			isa = PBXSourcesBuildPhase;
			buildActionMask = 2147483647;
			files = (
				BC812EAC1973AE82005AAE46 /* Gimmie_Objective_C_API.m in Sources */,
			);
			runOnlyForDeploymentPostprocessing = 0;
		};
		BC812EAD1973AE82005AAE46 /* Sources */ = {
			isa = PBXSourcesBuildPhase;
			buildActionMask = 2147483647;
			files = (
				BC812EC11973AE82005AAE46 /* Gimmie_Objective_C_APITests.m in Sources */,
			);
			runOnlyForDeploymentPostprocessing = 0;
		};
/* End PBXSourcesBuildPhase section */

/* Begin PBXTargetDependency section */
		BC812EB81973AE82005AAE46 /* PBXTargetDependency */ = {
			isa = PBXTargetDependency;
			target = BC812EA01973AE81005AAE46 /* Gimmie Objective-C API */;
			targetProxy = BC812EB71973AE82005AAE46 /* PBXContainerItemProxy */;
		};
/* End PBXTargetDependency section */

/* Begin PBXVariantGroup section */
		BC812EBD1973AE82005AAE46 /* InfoPlist.strings */ = {
			isa = PBXVariantGroup;
			children = (
				BC812EBE1973AE82005AAE46 /* en */,
			);
			name = InfoPlist.strings;
			sourceTree = "<group>";
		};
/* End PBXVariantGroup section */

/* Begin XCBuildConfiguration section */
		BC812EC21973AE82005AAE46 /* Debug */ = {
			isa = XCBuildConfiguration;
			buildSettings = {
				ALWAYS_SEARCH_USER_PATHS = NO;
				CLANG_CXX_LANGUAGE_STANDARD = "gnu++0x";
				CLANG_CXX_LIBRARY = "libc++";
				CLANG_ENABLE_MODULES = YES;
				CLANG_ENABLE_OBJC_ARC = YES;
				CLANG_WARN_BOOL_CONVERSION = YES;
				CLANG_WARN_CONSTANT_CONVERSION = YES;
				CLANG_WARN_DIRECT_OBJC_ISA_USAGE = YES_ERROR;
				CLANG_WARN_EMPTY_BODY = YES;
				CLANG_WARN_ENUM_CONVERSION = YES;
				CLANG_WARN_INT_CONVERSION = YES;
				CLANG_WARN_OBJC_ROOT_CLASS = YES_ERROR;
				CLANG_WARN__DUPLICATE_METHOD_MATCH = YES;
				COPY_PHASE_STRIP = NO;
				GCC_C_LANGUAGE_STANDARD = gnu99;
				GCC_DYNAMIC_NO_PIC = NO;
				GCC_OPTIMIZATION_LEVEL = 0;
				GCC_PREPROCESSOR_DEFINITIONS = (
					"DEBUG=1",
					"$(inherited)",
				);
				GCC_SYMBOLS_PRIVATE_EXTERN = NO;
				GCC_WARN_64_TO_32_BIT_CONVERSION = YES;
				GCC_WARN_ABOUT_RETURN_TYPE = YES_ERROR;
				GCC_WARN_UNDECLARED_SELECTOR = YES;
				GCC_WARN_UNINITIALIZED_AUTOS = YES_AGGRESSIVE;
				GCC_WARN_UNUSED_FUNCTION = YES;
				GCC_WARN_UNUSED_VARIABLE = YES;
				IPHONEOS_DEPLOYMENT_TARGET = 7.1;
				ONLY_ACTIVE_ARCH = YES;
				SDKROOT = iphoneos;
			};
			name = Debug;
		};
		BC812EC31973AE82005AAE46 /* Release */ = {
			isa = XCBuildConfiguration;
			buildSettings = {
				ALWAYS_SEARCH_USER_PATHS = NO;
				CLANG_CXX_LANGUAGE_STANDARD = "gnu++0x";
				CLANG_CXX_LIBRARY = "libc++";
				CLANG_ENABLE_MODULES = YES;
				CLANG_ENABLE_OBJC_ARC = YES;
				CLANG_WARN_BOOL_CONVERSION = YES;
				CLANG_WARN_CONSTANT_CONVERSION = YES;
				CLANG_WARN_DIRECT_OBJC_ISA_USAGE = YES_ERROR;
				CLANG_WARN_EMPTY_BODY = YES;
				CLANG_WARN_ENUM_CONVERSION = YES;
				CLANG_WARN_INT_CONVERSION = YES;
				CLANG_WARN_OBJC_ROOT_CLASS = YES_ERROR;
				CLANG_WARN__DUPLICATE_METHOD_MATCH = YES;
				COPY_PHASE_STRIP = YES;
				ENABLE_NS_ASSERTIONS = NO;
				GCC_C_LANGUAGE_STANDARD = gnu99;
				GCC_WARN_64_TO_32_BIT_CONVERSION = YES;
				GCC_WARN_ABOUT_RETURN_TYPE = YES_ERROR;
				GCC_WARN_UNDECLARED_SELECTOR = YES;
				GCC_WARN_UNINITIALIZED_AUTOS = YES_AGGRESSIVE;
				GCC_WARN_UNUSED_FUNCTION = YES;
				GCC_WARN_UNUSED_VARIABLE = YES;
				IPHONEOS_DEPLOYMENT_TARGET = 7.1;
				SDKROOT = iphoneos;
				VALIDATE_PRODUCT = YES;
			};
			name = Release;
		};
		BC812EC51973AE82005AAE46 /* Debug */ = {
			isa = XCBuildConfiguration;
			buildSettings = {
				DSTROOT = /tmp/Gimmie_Objective_C_API.dst;
				GCC_PRECOMPILE_PREFIX_HEADER = YES;
				GCC_PREFIX_HEADER = "Gimmie Objective-C API/Gimmie Objective-C API-Prefix.pch";
				OTHER_LDFLAGS = "-ObjC";
				PRODUCT_NAME = "$(TARGET_NAME)";
				SKIP_INSTALL = YES;
			};
			name = Debug;
		};
		BC812EC61973AE82005AAE46 /* Release */ = {
			isa = XCBuildConfiguration;
			buildSettings = {
				DSTROOT = /tmp/Gimmie_Objective_C_API.dst;
				GCC_PRECOMPILE_PREFIX_HEADER = YES;
				GCC_PREFIX_HEADER = "Gimmie Objective-C API/Gimmie Objective-C API-Prefix.pch";
				OTHER_LDFLAGS = "-ObjC";
				PRODUCT_NAME = "$(TARGET_NAME)";
				SKIP_INSTALL = YES;
			};
			name = Release;
		};
		BC812EC81973AE82005AAE46 /* Debug */ = {
			isa = XCBuildConfiguration;
			buildSettings = {
				FRAMEWORK_SEARCH_PATHS = (
					"$(SDKROOT)/Developer/Library/Frameworks",
					"$(inherited)",
					"$(DEVELOPER_FRAMEWORKS_DIR)",
				);
				GCC_PRECOMPILE_PREFIX_HEADER = YES;
				GCC_PREFIX_HEADER = "Gimmie Objective-C API/Gimmie Objective-C API-Prefix.pch";
				GCC_PREPROCESSOR_DEFINITIONS = (
					"DEBUG=1",
					"$(inherited)",
				);
				INFOPLIST_FILE = "Gimmie Objective-C APITests/Gimmie Objective-C APITests-Info.plist";
				PRODUCT_NAME = "$(TARGET_NAME)";
				WRAPPER_EXTENSION = xctest;
			};
			name = Debug;
		};
		BC812EC91973AE82005AAE46 /* Release */ = {
			isa = XCBuildConfiguration;
			buildSettings = {
				FRAMEWORK_SEARCH_PATHS = (
					"$(SDKROOT)/Developer/Library/Frameworks",
					"$(inherited)",
					"$(DEVELOPER_FRAMEWORKS_DIR)",
				);
				GCC_PRECOMPILE_PREFIX_HEADER = YES;
				GCC_PREFIX_HEADER = "Gimmie Objective-C API/Gimmie Objective-C API-Prefix.pch";
				INFOPLIST_FILE = "Gimmie Objective-C APITests/Gimmie Objective-C APITests-Info.plist";
				PRODUCT_NAME = "$(TARGET_NAME)";
				WRAPPER_EXTENSION = xctest;
			};
			name = Release;
		};
/* End XCBuildConfiguration section */

/* Begin XCConfigurationList section */
		BC812E9C1973AE81005AAE46 /* Build configuration list for PBXProject "Gimmie Objective-C API" */ = {
			isa = XCConfigurationList;
			buildConfigurations = (
				BC812EC21973AE82005AAE46 /* Debug */,
				BC812EC31973AE82005AAE46 /* Release */,
			);
			defaultConfigurationIsVisible = 0;
			defaultConfigurationName = Release;
		};
		BC812EC41973AE82005AAE46 /* Build configuration list for PBXNativeTarget "Gimmie Objective-C API" */ = {
			isa = XCConfigurationList;
			buildConfigurations = (
				BC812EC51973AE82005AAE46 /* Debug */,
				BC812EC61973AE82005AAE46 /* Release */,
			);
			defaultConfigurationIsVisible = 0;
		};
		BC812EC71973AE82005AAE46 /* Build configuration list for PBXNativeTarget "Gimmie Objective-C APITests" */ = {
			isa = XCConfigurationList;
			buildConfigurations = (
				BC812EC81973AE82005AAE46 /* Debug */,
				BC812EC91973AE82005AAE46 /* Release */,
			);
			defaultConfigurationIsVisible = 0;
		};
/* End XCConfigurationList section */
	};
	rootObject = BC812E991973AE81005AAE46 /* Project object */;
}
